// !$*UTF8*$!
{
	archiveVersion = 1;
	classes = {
	};
	objectVersion = 56;
	objects = {

/* Begin PBXBuildFile section */
		071EA6192A54063E008B94ED /* lib in Resources */ = {isa = PBXBuildFile; fileRef = 071EA6172A54063D008B94ED /* lib */; };
		071EA61A2A54063E008B94ED /* include in Resources */ = {isa = PBXBuildFile; fileRef = 071EA6182A54063E008B94ED /* include */; };
		07F42BC72A308633000F283F /* GeminiPlayer.swift in Sources */ = {isa = PBXBuildFile; fileRef = 07F42BC62A308633000F283F /* GeminiPlayer.swift */; };
		07F42BC92A308669000F283F /* GeminiVideoLayer.swift in Sources */ = {isa = PBXBuildFile; fileRef = 07F42BC82A308669000F283F /* GeminiVideoLayer.swift */; };
		07F42BCB2A308699000F283F /* GeminiControlLayer.swift in Sources */ = {isa = PBXBuildFile; fileRef = 07F42BCA2A308699000F283F /* GeminiControlLayer.swift */; };
		59987F552A1941C10081E473 /* AppDelegate.swift in Sources */ = {isa = PBXBuildFile; fileRef = 59987F542A1941C10081E473 /* AppDelegate.swift */; };
		59987F572A1941C10081E473 /* SceneDelegate.swift in Sources */ = {isa = PBXBuildFile; fileRef = 59987F562A1941C10081E473 /* SceneDelegate.swift */; };
		59987F592A1941C10081E473 /* ViewController.swift in Sources */ = {isa = PBXBuildFile; fileRef = 59987F582A1941C10081E473 /* ViewController.swift */; };
		59987F5C2A1941C10081E473 /* Main.storyboard in Resources */ = {isa = PBXBuildFile; fileRef = 59987F5A2A1941C10081E473 /* Main.storyboard */; };
		59987F5E2A1941C20081E473 /* Assets.xcassets in Resources */ = {isa = PBXBuildFile; fileRef = 59987F5D2A1941C20081E473 /* Assets.xcassets */; };
		59987F612A1941C20081E473 /* LaunchScreen.storyboard in Resources */ = {isa = PBXBuildFile; fileRef = 59987F5F2A1941C20081E473 /* LaunchScreen.storyboard */; };
/* End PBXBuildFile section */

/* Begin PBXFileReference section */
		071EA6172A54063D008B94ED /* lib */ = {isa = PBXFileReference; lastKnownFileType = folder; path = lib; sourceTree = "<group>"; };
		071EA6182A54063E008B94ED /* include */ = {isa = PBXFileReference; lastKnownFileType = folder; path = include; sourceTree = "<group>"; };
		07F42BC62A308633000F283F /* GeminiPlayer.swift */ = {isa = PBXFileReference; lastKnownFileType = sourcecode.swift; path = GeminiPlayer.swift; sourceTree = "<group>"; };
		07F42BC82A308669000F283F /* GeminiVideoLayer.swift */ = {isa = PBXFileReference; lastKnownFileType = sourcecode.swift; path = GeminiVideoLayer.swift; sourceTree = "<group>"; };
		07F42BCA2A308699000F283F /* GeminiControlLayer.swift */ = {isa = PBXFileReference; lastKnownFileType = sourcecode.swift; path = GeminiControlLayer.swift; sourceTree = "<group>"; };
		59987F512A1941C10081E473 /* GeminiPlayer.app */ = {isa = PBXFileReference; explicitFileType = wrapper.application; includeInIndex = 0; path = GeminiPlayer.app; sourceTree = BUILT_PRODUCTS_DIR; };
		59987F542A1941C10081E473 /* AppDelegate.swift */ = {isa = PBXFileReference; lastKnownFileType = sourcecode.swift; path = AppDelegate.swift; sourceTree = "<group>"; };
		59987F562A1941C10081E473 /* SceneDelegate.swift */ = {isa = PBXFileReference; lastKnownFileType = sourcecode.swift; path = SceneDelegate.swift; sourceTree = "<group>"; };
		59987F582A1941C10081E473 /* ViewController.swift */ = {isa = PBXFileReference; lastKnownFileType = sourcecode.swift; path = ViewController.swift; sourceTree = "<group>"; };
		59987F5B2A1941C10081E473 /* Base */ = {isa = PBXFileReference; lastKnownFileType = file.storyboard; name = Base; path = Base.lproj/Main.storyboard; sourceTree = "<group>"; };
		59987F5D2A1941C20081E473 /* Assets.xcassets */ = {isa = PBXFileReference; lastKnownFileType = folder.assetcatalog; path = Assets.xcassets; sourceTree = "<group>"; };
		59987F602A1941C20081E473 /* Base */ = {isa = PBXFileReference; lastKnownFileType = file.storyboard; name = Base; path = Base.lproj/LaunchScreen.storyboard; sourceTree = "<group>"; };
		59987F622A1941C20081E473 /* Info.plist */ = {isa = PBXFileReference; lastKnownFileType = text.plist.xml; path = Info.plist; sourceTree = "<group>"; };
/* End PBXFileReference section */

/* Begin PBXFrameworksBuildPhase section */
		59987F4E2A1941C10081E473 /* Frameworks */ = {
			isa = PBXFrameworksBuildPhase;
			buildActionMask = 2147483647;
			files = (
			);
			runOnlyForDeploymentPostprocessing = 0;
		};
/* End PBXFrameworksBuildPhase section */

/* Begin PBXGroup section */
		071EA61B2A54064A008B94ED /* ffmpeg-6.0 */ = {
			isa = PBXGroup;
			children = (
				071EA6182A54063E008B94ED /* include */,
				071EA6172A54063D008B94ED /* lib */,
			);
			path = "ffmpeg-6.0";
			sourceTree = "<group>";
		};
		07F42BC52A308624000F283F /* GeminiPlayer */ = {
			isa = PBXGroup;
			children = (
				07F42BC62A308633000F283F /* GeminiPlayer.swift */,
				07F42BC82A308669000F283F /* GeminiVideoLayer.swift */,
				07F42BCA2A308699000F283F /* GeminiControlLayer.swift */,
			);
			path = GeminiPlayer;
			sourceTree = "<group>";
		};
		59987F482A1941C10081E473 = {
			isa = PBXGroup;
			children = (
				59987F532A1941C10081E473 /* GeminiPlayer */,
				59987F522A1941C10081E473 /* Products */,
			);
			sourceTree = "<group>";
		};
		59987F522A1941C10081E473 /* Products */ = {
			isa = PBXGroup;
			children = (
				59987F512A1941C10081E473 /* GeminiPlayer.app */,
			);
			name = Products;
			sourceTree = "<group>";
		};
		59987F532A1941C10081E473 /* GeminiPlayer */ = {
			isa = PBXGroup;
			children = (
				071EA61B2A54064A008B94ED /* ffmpeg-6.0 */,
				59987F542A1941C10081E473 /* AppDelegate.swift */,
				59987F562A1941C10081E473 /* SceneDelegate.swift */,
				59987F582A1941C10081E473 /* ViewController.swift */,
				07F42BC52A308624000F283F /* GeminiPlayer */,
				59987F5A2A1941C10081E473 /* Main.storyboard */,
				59987F5D2A1941C20081E473 /* Assets.xcassets */,
				59987F5F2A1941C20081E473 /* LaunchScreen.storyboard */,
				59987F622A1941C20081E473 /* Info.plist */,
			);
			path = GeminiPlayer;
			sourceTree = "<group>";
		};
/* End PBXGroup section */

/* Begin PBXNativeTarget section */
		59987F502A1941C10081E473 /* GeminiPlayer */ = {
			isa = PBXNativeTarget;
			buildConfigurationList = 59987F652A1941C20081E473 /* Build configuration list for PBXNativeTarget "GeminiPlayer" */;
			buildPhases = (
				59987F4D2A1941C10081E473 /* Sources */,
				59987F4E2A1941C10081E473 /* Frameworks */,
				59987F4F2A1941C10081E473 /* Resources */,
			);
			buildRules = (
			);
			dependencies = (
			);
			name = GeminiPlayer;
			productName = GeminiPlayer;
			productReference = 59987F512A1941C10081E473 /* GeminiPlayer.app */;
			productType = "com.apple.product-type.application";
		};
/* End PBXNativeTarget section */

/* Begin PBXProject section */
		59987F492A1941C10081E473 /* Project object */ = {
			isa = PBXProject;
			attributes = {
				BuildIndependentTargetsInParallel = 1;
				LastSwiftUpdateCheck = 1420;
				LastUpgradeCheck = 1420;
				TargetAttributes = {
					59987F502A1941C10081E473 = {
						CreatedOnToolsVersion = 14.2;
					};
				};
			};
			buildConfigurationList = 59987F4C2A1941C10081E473 /* Build configuration list for PBXProject "GeminiPlayer" */;
			compatibilityVersion = "Xcode 14.0";
			developmentRegion = en;
			hasScannedForEncodings = 0;
			knownRegions = (
				en,
				Base,
			);
			mainGroup = 59987F482A1941C10081E473;
			productRefGroup = 59987F522A1941C10081E473 /* Products */;
			projectDirPath = "";
			projectRoot = "";
			targets = (
				59987F502A1941C10081E473 /* GeminiPlayer */,
			);
		};
/* End PBXProject section */

/* Begin PBXResourcesBuildPhase section */
		59987F4F2A1941C10081E473 /* Resources */ = {
			isa = PBXResourcesBuildPhase;
			buildActionMask = 2147483647;
			files = (
				59987F612A1941C20081E473 /* LaunchScreen.storyboard in Resources */,
				59987F5E2A1941C20081E473 /* Assets.xcassets in Resources */,
				071EA6192A54063E008B94ED /* lib in Resources */,
				071EA61A2A54063E008B94ED /* include in Resources */,
				59987F5C2A1941C10081E473 /* Main.storyboard in Resources */,
			);
			runOnlyForDeploymentPostprocessing = 0;
		};
/* End PBXResourcesBuildPhase section */

/* Begin PBXSourcesBuildPhase section */
		59987F4D2A1941C10081E473 /* Sources */ = {
			isa = PBXSourcesBuildPhase;
			buildActionMask = 2147483647;
			files = (
				07F42BCB2A308699000F283F /* GeminiControlLayer.swift in Sources */,
				59987F592A1941C10081E473 /* ViewController.swift in Sources */,
				59987F552A1941C10081E473 /* AppDelegate.swift in Sources */,
				59987F572A1941C10081E473 /* SceneDelegate.swift in Sources */,
				07F42BC72A308633000F283F /* GeminiPlayer.swift in Sources */,
				07F42BC92A308669000F283F /* GeminiVideoLayer.swift in Sources */,
			);
			runOnlyForDeploymentPostprocessing = 0;
		};
/* End PBXSourcesBuildPhase section */

/* Begin PBXVariantGroup section */
		59987F5A2A1941C10081E473 /* Main.storyboard */ = {
			isa = PBXVariantGroup;
			children = (
				59987F5B2A1941C10081E473 /* Base */,
			);
			name = Main.storyboard;
			sourceTree = "<group>";
		};
		59987F5F2A1941C20081E473 /* LaunchScreen.storyboard */ = {
			isa = PBXVariantGroup;
			children = (
				59987F602A1941C20081E473 /* Base */,
			);
			name = LaunchScreen.storyboard;
			sourceTree = "<group>";
		};
/* End PBXVariantGroup section */

/* Begin XCBuildConfiguration section */
		59987F632A1941C20081E473 /* Debug */ = {
			isa = XCBuildConfiguration;
			buildSettings = {
				ALWAYS_SEARCH_USER_PATHS = NO;
				CLANG_ANALYZER_NONNULL = YES;
				CLANG_ANALYZER_NUMBER_OBJECT_CONVERSION = YES_AGGRESSIVE;
				CLANG_CXX_LANGUAGE_STANDARD = "gnu++20";
				CLANG_ENABLE_MODULES = YES;
				CLANG_ENABLE_OBJC_ARC = YES;
				CLANG_ENABLE_OBJC_WEAK = YES;
				CLANG_WARN_BLOCK_CAPTURE_AUTORELEASING = YES;
				CLANG_WARN_BOOL_CONVERSION = YES;
				CLANG_WARN_COMMA = YES;
				CLANG_WARN_CONSTANT_CONVERSION = YES;
				CLANG_WARN_DEPRECATED_OBJC_IMPLEMENTATIONS = YES;
				CLANG_WARN_DIRECT_OBJC_ISA_USAGE = YES_ERROR;
				CLANG_WARN_DOCUMENTATION_COMMENTS = YES;
				CLANG_WARN_EMPTY_BODY = YES;
				CLANG_WARN_ENUM_CONVERSION = YES;
				CLANG_WARN_INFINITE_RECURSION = YES;
				CLANG_WARN_INT_CONVERSION = YES;
				CLANG_WARN_NON_LITERAL_NULL_CONVERSION = YES;
				CLANG_WARN_OBJC_IMPLICIT_RETAIN_SELF = YES;
				CLANG_WARN_OBJC_LITERAL_CONVERSION = YES;
				CLANG_WARN_OBJC_ROOT_CLASS = YES_ERROR;
				CLANG_WARN_QUOTED_INCLUDE_IN_FRAMEWORK_HEADER = YES;
				CLANG_WARN_RANGE_LOOP_ANALYSIS = YES;
				CLANG_WARN_STRICT_PROTOTYPES = YES;
				CLANG_WARN_SUSPICIOUS_MOVE = YES;
				CLANG_WARN_UNGUARDED_AVAILABILITY = YES_AGGRESSIVE;
				CLANG_WARN_UNREACHABLE_CODE = YES;
				CLANG_WARN__DUPLICATE_METHOD_MATCH = YES;
				COPY_PHASE_STRIP = NO;
				DEBUG_INFORMATION_FORMAT = dwarf;
				ENABLE_STRICT_OBJC_MSGSEND = YES;
				ENABLE_TESTABILITY = YES;
				GCC_C_LANGUAGE_STANDARD = gnu11;
				GCC_DYNAMIC_NO_PIC = NO;
				GCC_NO_COMMON_BLOCKS = YES;
				GCC_OPTIMIZATION_LEVEL = 0;
				GCC_PREPROCESSOR_DEFINITIONS = (
					"DEBUG=1",
					"$(inherited)",
				);
				GCC_WARN_64_TO_32_BIT_CONVERSION = YES;
				GCC_WARN_ABOUT_RETURN_TYPE = YES_ERROR;
				GCC_WARN_UNDECLARED_SELECTOR = YES;
				GCC_WARN_UNINITIALIZED_AUTOS = YES_AGGRESSIVE;
				GCC_WARN_UNUSED_FUNCTION = YES;
				GCC_WARN_UNUSED_VARIABLE = YES;
				IPHONEOS_DEPLOYMENT_TARGET = 16.2;
				MTL_ENABLE_DEBUG_INFO = INCLUDE_SOURCE;
				MTL_FAST_MATH = YES;
				ONLY_ACTIVE_ARCH = YES;
				SDKROOT = iphoneos;
				SWIFT_ACTIVE_COMPILATION_CONDITIONS = DEBUG;
				SWIFT_OPTIMIZATION_LEVEL = "-Onone";
			};
			name = Debug;
		};
		59987F642A1941C20081E473 /* Release */ = {
			isa = XCBuildConfiguration;
			buildSettings = {
				ALWAYS_SEARCH_USER_PATHS = NO;
				CLANG_ANALYZER_NONNULL = YES;
				CLANG_ANALYZER_NUMBER_OBJECT_CONVERSION = YES_AGGRESSIVE;
				CLANG_CXX_LANGUAGE_STANDARD = "gnu++20";
				CLANG_ENABLE_MODULES = YES;
				CLANG_ENABLE_OBJC_ARC = YES;
				CLANG_ENABLE_OBJC_WEAK = YES;
				CLANG_WARN_BLOCK_CAPTURE_AUTORELEASING = YES;
				CLANG_WARN_BOOL_CONVERSION = YES;
				CLANG_WARN_COMMA = YES;
				CLANG_WARN_CONSTANT_CONVERSION = YES;
				CLANG_WARN_DEPRECATED_OBJC_IMPLEMENTATIONS = YES;
				CLANG_WARN_DIRECT_OBJC_ISA_USAGE = YES_ERROR;
				CLANG_WARN_DOCUMENTATION_COMMENTS = YES;
				CLANG_WARN_EMPTY_BODY = YES;
				CLANG_WARN_ENUM_CONVERSION = YES;
				CLANG_WARN_INFINITE_RECURSION = YES;
				CLANG_WARN_INT_CONVERSION = YES;
				CLANG_WARN_NON_LITERAL_NULL_CONVERSION = YES;
				CLANG_WARN_OBJC_IMPLICIT_RETAIN_SELF = YES;
				CLANG_WARN_OBJC_LITERAL_CONVERSION = YES;
				CLANG_WARN_OBJC_ROOT_CLASS = YES_ERROR;
				CLANG_WARN_QUOTED_INCLUDE_IN_FRAMEWORK_HEADER = YES;
				CLANG_WARN_RANGE_LOOP_ANALYSIS = YES;
				CLANG_WARN_STRICT_PROTOTYPES = YES;
				CLANG_WARN_SUSPICIOUS_MOVE = YES;
				CLANG_WARN_UNGUARDED_AVAILABILITY = YES_AGGRESSIVE;
				CLANG_WARN_UNREACHABLE_CODE = YES;
				CLANG_WARN__DUPLICATE_METHOD_MATCH = YES;
				COPY_PHASE_STRIP = NO;
				DEBUG_INFORMATION_FORMAT = "dwarf-with-dsym";
				ENABLE_NS_ASSERTIONS = NO;
				ENABLE_STRICT_OBJC_MSGSEND = YES;
				GCC_C_LANGUAGE_STANDARD = gnu11;
				GCC_NO_COMMON_BLOCKS = YES;
				GCC_WARN_64_TO_32_BIT_CONVERSION = YES;
				GCC_WARN_ABOUT_RETURN_TYPE = YES_ERROR;
				GCC_WARN_UNDECLARED_SELECTOR = YES;
				GCC_WARN_UNINITIALIZED_AUTOS = YES_AGGRESSIVE;
				GCC_WARN_UNUSED_FUNCTION = YES;
				GCC_WARN_UNUSED_VARIABLE = YES;
				IPHONEOS_DEPLOYMENT_TARGET = 16.2;
				MTL_ENABLE_DEBUG_INFO = NO;
				MTL_FAST_MATH = YES;
				SDKROOT = iphoneos;
				SWIFT_COMPILATION_MODE = wholemodule;
				SWIFT_OPTIMIZATION_LEVEL = "-O";
				VALIDATE_PRODUCT = YES;
			};
			name = Release;
		};
		59987F662A1941C20081E473 /* Debug */ = {
			isa = XCBuildConfiguration;
			buildSettings = {
				ASSETCATALOG_COMPILER_APPICON_NAME = AppIcon;
				ASSETCATALOG_COMPILER_GLOBAL_ACCENT_COLOR_NAME = AccentColor;
				CODE_SIGN_STYLE = Automatic;
				CURRENT_PROJECT_VERSION = 1;
				DEVELOPMENT_TEAM = AQP8F45G75;
				GENERATE_INFOPLIST_FILE = YES;
				INFOPLIST_FILE = GeminiPlayer/Info.plist;
				INFOPLIST_KEY_UIApplicationSupportsIndirectInputEvents = YES;
				INFOPLIST_KEY_UILaunchStoryboardName = LaunchScreen;
				INFOPLIST_KEY_UIMainStoryboardFile = Main;
				INFOPLIST_KEY_UISupportedInterfaceOrientations_iPad = "UIInterfaceOrientationPortrait UIInterfaceOrientationPortraitUpsideDown UIInterfaceOrientationLandscapeLeft UIInterfaceOrientationLandscapeRight";
				INFOPLIST_KEY_UISupportedInterfaceOrientations_iPhone = "UIInterfaceOrientationPortrait UIInterfaceOrientationLandscapeLeft UIInterfaceOrientationLandscapeRight";
				LD_RUNPATH_SEARCH_PATHS = (
					"$(inherited)",
					"@executable_path/Frameworks",
				);
				LIBRARY_SEARCH_PATHS = (
					"$(inherited)",
					"$(PROJECT_DIR)/GeminiPlayer/ffmpeg-6.0/lib",
				);
				MARKETING_VERSION = 1.0;
				PRODUCT_BUNDLE_IDENTIFIER = com.GeminiPlayer.demo;
				PRODUCT_NAME = "$(TARGET_NAME)";
				SWIFT_EMIT_LOC_STRINGS = YES;
				SWIFT_VERSION = 5.0;
				TARGETED_DEVICE_FAMILY = "1,2";
			};
			name = Debug;
		};
		59987F672A1941C20081E473 /* Release */ = {
			isa = XCBuildConfiguration;
			buildSettings = {
				ASSETCATALOG_COMPILER_APPICON_NAME = AppIcon;
				ASSETCATALOG_COMPILER_GLOBAL_ACCENT_COLOR_NAME = AccentColor;
				CODE_SIGN_STYLE = Automatic;
				CURRENT_PROJECT_VERSION = 1;
				DEVELOPMENT_TEAM = AQP8F45G75;
				GENERATE_INFOPLIST_FILE = YES;
				INFOPLIST_FILE = GeminiPlayer/Info.plist;
				INFOPLIST_KEY_UIApplicationSupportsIndirectInputEvents = YES;
				INFOPLIST_KEY_UILaunchStoryboardName = LaunchScreen;
				INFOPLIST_KEY_UIMainStoryboardFile = Main;
				INFOPLIST_KEY_UISupportedInterfaceOrientations_iPad = "UIInterfaceOrientationPortrait UIInterfaceOrientationPortraitUpsideDown UIInterfaceOrientationLandscapeLeft UIInterfaceOrientationLandscapeRight";
				INFOPLIST_KEY_UISupportedInterfaceOrientations_iPhone = "UIInterfaceOrientationPortrait UIInterfaceOrientationLandscapeLeft UIInterfaceOrientationLandscapeRight";
				LD_RUNPATH_SEARCH_PATHS = (
					"$(inherited)",
					"@executable_path/Frameworks",
				);
				LIBRARY_SEARCH_PATHS = (
					"$(inherited)",
					"$(PROJECT_DIR)/GeminiPlayer/ffmpeg-6.0/lib",
				);
				MARKETING_VERSION = 1.0;
				PRODUCT_BUNDLE_IDENTIFIER = com.GeminiPlayer.demo;
				PRODUCT_NAME = "$(TARGET_NAME)";
				SWIFT_EMIT_LOC_STRINGS = YES;
				SWIFT_VERSION = 5.0;
				TARGETED_DEVICE_FAMILY = "1,2";
			};
			name = Release;
		};
/* End XCBuildConfiguration section */

/* Begin XCConfigurationList section */
		59987F4C2A1941C10081E473 /* Build configuration list for PBXProject "GeminiPlayer" */ = {
			isa = XCConfigurationList;
			buildConfigurations = (
				59987F632A1941C20081E473 /* Debug */,
				59987F642A1941C20081E473 /* Release */,
			);
			defaultConfigurationIsVisible = 0;
			defaultConfigurationName = Release;
		};
		59987F652A1941C20081E473 /* Build configuration list for PBXNativeTarget "GeminiPlayer" */ = {
			isa = XCConfigurationList;
			buildConfigurations = (
				59987F662A1941C20081E473 /* Debug */,
				59987F672A1941C20081E473 /* Release */,
			);
			defaultConfigurationIsVisible = 0;
			defaultConfigurationName = Release;
		};
/* End XCConfigurationList section */
	};
	rootObject = 59987F492A1941C10081E473 /* Project object */;
}
