// !$*UTF8*$!
{
	archiveVersion = 1;
	classes = {
	};
	objectVersion = 56;
	objects = {

/* Begin PBXBuildFile section */
		071EA6102A540461008B94ED /* libavutil.a in Frameworks */ = {isa = PBXBuildFile; fileRef = 071EA6092A540461008B94ED /* libavutil.a */; };
		071EA6112A540461008B94ED /* libavfilter.a in Frameworks */ = {isa = PBXBuildFile; fileRef = 071EA60A2A540461008B94ED /* libavfilter.a */; };
		071EA6122A540461008B94ED /* libavcodec.a in Frameworks */ = {isa = PBXBuildFile; fileRef = 071EA60B2A540461008B94ED /* libavcodec.a */; };
		071EA6132A540461008B94ED /* libavformat.a in Frameworks */ = {isa = PBXBuildFile; fileRef = 071EA60C2A540461008B94ED /* libavformat.a */; };
		071EA6142A540461008B94ED /* libavdevice.a in Frameworks */ = {isa = PBXBuildFile; fileRef = 071EA60D2A540461008B94ED /* libavdevice.a */; };
		071EA6152A540461008B94ED /* libswresample.a in Frameworks */ = {isa = PBXBuildFile; fileRef = 071EA60E2A540461008B94ED /* libswresample.a */; };
		071EA6162A540461008B94ED /* libswscale.a in Frameworks */ = {isa = PBXBuildFile; fileRef = 071EA60F2A540461008B94ED /* libswscale.a */; };
		07F42BC72A308633000F283F /* GeminiPlayer.swift in Sources */ = {isa = PBXBuildFile; fileRef = 07F42BC62A308633000F283F /* GeminiPlayer.swift */; };
		07F42BC92A308669000F283F /* GeminiVideoLayer.swift in Sources */ = {isa = PBXBuildFile; fileRef = 07F42BC82A308669000F283F /* GeminiVideoLayer.swift */; };
		07F42BCB2A308699000F283F /* GeminiControlLayer.swift in Sources */ = {isa = PBXBuildFile; fileRef = 07F42BCA2A308699000F283F /* GeminiControlLayer.swift */; };
		59987F552A1941C10081E473 /* AppDelegate.swift in Sources */ = {isa = PBXBuildFile; fileRef = 59987F542A1941C10081E473 /* AppDelegate.swift */; };
		59987F572A1941C10081E473 /* SceneDelegate.swift in Sources */ = {isa = PBXBuildFile; fileRef = 59987F562A1941C10081E473 /* SceneDelegate.swift */; };
		59987F592A1941C10081E473 /* ViewController.swift in Sources */ = {isa = PBXBuildFile; fileRef = 59987F582A1941C10081E473 /* ViewController.swift */; };
		59987F5C2A1941C10081E473 /* Main.storyboard in Resources */ = {isa = PBXBuildFile; fileRef = 59987F5A2A1941C10081E473 /* Main.storyboard */; };
		59987F5E2A1941C20081E473 /* Assets.xcassets in Resources */ = {isa = PBXBuildFile; fileRef = 59987F5D2A1941C20081E473 /* Assets.xcassets */; };
		59987F612A1941C20081E473 /* LaunchScreen.storyboard in Resources */ = {isa = PBXBuildFile; fileRef = 59987F5F2A1941C20081E473 /* LaunchScreen.storyboard */; };
/* End PBXBuildFile section */

/* Begin PBXFileReference section */
		071EA57B2A540461008B94ED /* version.h */ = {isa = PBXFileReference; fileEncoding = 4; lastKnownFileType = sourcecode.c.h; path = version.h; sourceTree = "<group>"; };
		071EA57C2A540461008B94ED /* buffersrc.h */ = {isa = PBXFileReference; fileEncoding = 4; lastKnownFileType = sourcecode.c.h; path = buffersrc.h; sourceTree = "<group>"; };
		071EA57D2A540461008B94ED /* version_major.h */ = {isa = PBXFileReference; fileEncoding = 4; lastKnownFileType = sourcecode.c.h; path = version_major.h; sourceTree = "<group>"; };
		071EA57E2A540461008B94ED /* buffersink.h */ = {isa = PBXFileReference; fileEncoding = 4; lastKnownFileType = sourcecode.c.h; path = buffersink.h; sourceTree = "<group>"; };
		071EA57F2A540461008B94ED /* avfilter.h */ = {isa = PBXFileReference; fileEncoding = 4; lastKnownFileType = sourcecode.c.h; path = avfilter.h; sourceTree = "<group>"; };
		071EA5812A540461008B94ED /* hwcontext.h */ = {isa = PBXFileReference; fileEncoding = 4; lastKnownFileType = sourcecode.c.h; path = hwcontext.h; sourceTree = "<group>"; };
		071EA5822A540461008B94ED /* time.h */ = {isa = PBXFileReference; fileEncoding = 4; lastKnownFileType = sourcecode.c.h; path = time.h; sourceTree = "<group>"; };
		071EA5832A540461008B94ED /* hwcontext_cuda.h */ = {isa = PBXFileReference; fileEncoding = 4; lastKnownFileType = sourcecode.c.h; path = hwcontext_cuda.h; sourceTree = "<group>"; };
		071EA5842A540461008B94ED /* intfloat.h */ = {isa = PBXFileReference; fileEncoding = 4; lastKnownFileType = sourcecode.c.h; path = intfloat.h; sourceTree = "<group>"; };
		071EA5852A540461008B94ED /* error.h */ = {isa = PBXFileReference; fileEncoding = 4; lastKnownFileType = sourcecode.c.h; path = error.h; sourceTree = "<group>"; };
		071EA5862A540461008B94ED /* detection_bbox.h */ = {isa = PBXFileReference; fileEncoding = 4; lastKnownFileType = sourcecode.c.h; path = detection_bbox.h; sourceTree = "<group>"; };
		071EA5872A540461008B94ED /* ambient_viewing_environment.h */ = {isa = PBXFileReference; fileEncoding = 4; lastKnownFileType = sourcecode.c.h; path = ambient_viewing_environment.h; sourceTree = "<group>"; };
		071EA5882A540461008B94ED /* fifo.h */ = {isa = PBXFileReference; fileEncoding = 4; lastKnownFileType = sourcecode.c.h; path = fifo.h; sourceTree = "<group>"; };
		071EA5892A540461008B94ED /* blowfish.h */ = {isa = PBXFileReference; fileEncoding = 4; lastKnownFileType = sourcecode.c.h; path = blowfish.h; sourceTree = "<group>"; };
		071EA58A2A540461008B94ED /* hwcontext_mediacodec.h */ = {isa = PBXFileReference; fileEncoding = 4; lastKnownFileType = sourcecode.c.h; path = hwcontext_mediacodec.h; sourceTree = "<group>"; };
		071EA58B2A540461008B94ED /* replaygain.h */ = {isa = PBXFileReference; fileEncoding = 4; lastKnownFileType = sourcecode.c.h; path = replaygain.h; sourceTree = "<group>"; };
		071EA58C2A540461008B94ED /* version.h */ = {isa = PBXFileReference; fileEncoding = 4; lastKnownFileType = sourcecode.c.h; path = version.h; sourceTree = "<group>"; };
		071EA58D2A540461008B94ED /* murmur3.h */ = {isa = PBXFileReference; fileEncoding = 4; lastKnownFileType = sourcecode.c.h; path = murmur3.h; sourceTree = "<group>"; };
		071EA58E2A540461008B94ED /* stereo3d.h */ = {isa = PBXFileReference; fileEncoding = 4; lastKnownFileType = sourcecode.c.h; path = stereo3d.h; sourceTree = "<group>"; };
		071EA58F2A540461008B94ED /* samplefmt.h */ = {isa = PBXFileReference; fileEncoding = 4; lastKnownFileType = sourcecode.c.h; path = samplefmt.h; sourceTree = "<group>"; };
		071EA5902A540461008B94ED /* pixdesc.h */ = {isa = PBXFileReference; fileEncoding = 4; lastKnownFileType = sourcecode.c.h; path = pixdesc.h; sourceTree = "<group>"; };
		071EA5912A540461008B94ED /* base64.h */ = {isa = PBXFileReference; fileEncoding = 4; lastKnownFileType = sourcecode.c.h; path = base64.h; sourceTree = "<group>"; };
		071EA5922A540461008B94ED /* rational.h */ = {isa = PBXFileReference; fileEncoding = 4; lastKnownFileType = sourcecode.c.h; path = rational.h; sourceTree = "<group>"; };
		071EA5932A540461008B94ED /* sha.h */ = {isa = PBXFileReference; fileEncoding = 4; lastKnownFileType = sourcecode.c.h; path = sha.h; sourceTree = "<group>"; };
		071EA5942A540461008B94ED /* motion_vector.h */ = {isa = PBXFileReference; fileEncoding = 4; lastKnownFileType = sourcecode.c.h; path = motion_vector.h; sourceTree = "<group>"; };
		071EA5952A540461008B94ED /* uuid.h */ = {isa = PBXFileReference; fileEncoding = 4; lastKnownFileType = sourcecode.c.h; path = uuid.h; sourceTree = "<group>"; };
		071EA5962A540461008B94ED /* avconfig.h */ = {isa = PBXFileReference; fileEncoding = 4; lastKnownFileType = sourcecode.c.h; path = avconfig.h; sourceTree = "<group>"; };
		071EA5972A540461008B94ED /* lfg.h */ = {isa = PBXFileReference; fileEncoding = 4; lastKnownFileType = sourcecode.c.h; path = lfg.h; sourceTree = "<group>"; };
		071EA5982A540461008B94ED /* avutil.h */ = {isa = PBXFileReference; fileEncoding = 4; lastKnownFileType = sourcecode.c.h; path = avutil.h; sourceTree = "<group>"; };
		071EA5992A540461008B94ED /* hwcontext_vulkan.h */ = {isa = PBXFileReference; fileEncoding = 4; lastKnownFileType = sourcecode.c.h; path = hwcontext_vulkan.h; sourceTree = "<group>"; };
		071EA59A2A540461008B94ED /* xtea.h */ = {isa = PBXFileReference; fileEncoding = 4; lastKnownFileType = sourcecode.c.h; path = xtea.h; sourceTree = "<group>"; };
		071EA59B2A540461008B94ED /* crc.h */ = {isa = PBXFileReference; fileEncoding = 4; lastKnownFileType = sourcecode.c.h; path = crc.h; sourceTree = "<group>"; };
		071EA59C2A540461008B94ED /* hwcontext_vdpau.h */ = {isa = PBXFileReference; fileEncoding = 4; lastKnownFileType = sourcecode.c.h; path = hwcontext_vdpau.h; sourceTree = "<group>"; };
		071EA59D2A540461008B94ED /* frame.h */ = {isa = PBXFileReference; fileEncoding = 4; lastKnownFileType = sourcecode.c.h; path = frame.h; sourceTree = "<group>"; };
		071EA59E2A540461008B94ED /* file.h */ = {isa = PBXFileReference; fileEncoding = 4; lastKnownFileType = sourcecode.c.h; path = file.h; sourceTree = "<group>"; };
		071EA59F2A540461008B94ED /* md5.h */ = {isa = PBXFileReference; fileEncoding = 4; lastKnownFileType = sourcecode.c.h; path = md5.h; sourceTree = "<group>"; };
		071EA5A02A540461008B94ED /* cast5.h */ = {isa = PBXFileReference; fileEncoding = 4; lastKnownFileType = sourcecode.c.h; path = cast5.h; sourceTree = "<group>"; };
		071EA5A12A540461008B94ED /* hwcontext_vaapi.h */ = {isa = PBXFileReference; fileEncoding = 4; lastKnownFileType = sourcecode.c.h; path = hwcontext_vaapi.h; sourceTree = "<group>"; };
		071EA5A22A540461008B94ED /* spherical.h */ = {isa = PBXFileReference; fileEncoding = 4; lastKnownFileType = sourcecode.c.h; path = spherical.h; sourceTree = "<group>"; };
		071EA5A32A540461008B94ED /* ffversion.h */ = {isa = PBXFileReference; fileEncoding = 4; lastKnownFileType = sourcecode.c.h; path = ffversion.h; sourceTree = "<group>"; };
		071EA5A42A540461008B94ED /* hwcontext_opencl.h */ = {isa = PBXFileReference; fileEncoding = 4; lastKnownFileType = sourcecode.c.h; path = hwcontext_opencl.h; sourceTree = "<group>"; };
		071EA5A52A540461008B94ED /* audio_fifo.h */ = {isa = PBXFileReference; fileEncoding = 4; lastKnownFileType = sourcecode.c.h; path = audio_fifo.h; sourceTree = "<group>"; };
		071EA5A62A540461008B94ED /* tree.h */ = {isa = PBXFileReference; fileEncoding = 4; lastKnownFileType = sourcecode.c.h; path = tree.h; sourceTree = "<group>"; };
		071EA5A72A540461008B94ED /* threadmessage.h */ = {isa = PBXFileReference; fileEncoding = 4; lastKnownFileType = sourcecode.c.h; path = threadmessage.h; sourceTree = "<group>"; };
		071EA5A82A540461008B94ED /* attributes.h */ = {isa = PBXFileReference; fileEncoding = 4; lastKnownFileType = sourcecode.c.h; path = attributes.h; sourceTree = "<group>"; };
		071EA5A92A540461008B94ED /* hdr_dynamic_vivid_metadata.h */ = {isa = PBXFileReference; fileEncoding = 4; lastKnownFileType = sourcecode.c.h; path = hdr_dynamic_vivid_metadata.h; sourceTree = "<group>"; };
		071EA5AA2A540461008B94ED /* adler32.h */ = {isa = PBXFileReference; fileEncoding = 4; lastKnownFileType = sourcecode.c.h; path = adler32.h; sourceTree = "<group>"; };
		071EA5AB2A540461008B94ED /* hwcontext_d3d11va.h */ = {isa = PBXFileReference; fileEncoding = 4; lastKnownFileType = sourcecode.c.h; path = hwcontext_d3d11va.h; sourceTree = "<group>"; };
		071EA5AC2A540461008B94ED /* timecode.h */ = {isa = PBXFileReference; fileEncoding = 4; lastKnownFileType = sourcecode.c.h; path = timecode.h; sourceTree = "<group>"; };
		071EA5AD2A540461008B94ED /* dovi_meta.h */ = {isa = PBXFileReference; fileEncoding = 4; lastKnownFileType = sourcecode.c.h; path = dovi_meta.h; sourceTree = "<group>"; };
		071EA5AE2A540461008B94ED /* tx.h */ = {isa = PBXFileReference; fileEncoding = 4; lastKnownFileType = sourcecode.c.h; path = tx.h; sourceTree = "<group>"; };
		071EA5AF2A540461008B94ED /* sha512.h */ = {isa = PBXFileReference; fileEncoding = 4; lastKnownFileType = sourcecode.c.h; path = sha512.h; sourceTree = "<group>"; };
		071EA5B02A540461008B94ED /* hwcontext_dxva2.h */ = {isa = PBXFileReference; fileEncoding = 4; lastKnownFileType = sourcecode.c.h; path = hwcontext_dxva2.h; sourceTree = "<group>"; };
		071EA5B12A540461008B94ED /* display.h */ = {isa = PBXFileReference; fileEncoding = 4; lastKnownFileType = sourcecode.c.h; path = display.h; sourceTree = "<group>"; };
		071EA5B22A540461008B94ED /* buffer.h */ = {isa = PBXFileReference; fileEncoding = 4; lastKnownFileType = sourcecode.c.h; path = buffer.h; sourceTree = "<group>"; };
		071EA5B32A540461008B94ED /* camellia.h */ = {isa = PBXFileReference; fileEncoding = 4; lastKnownFileType = sourcecode.c.h; path = camellia.h; sourceTree = "<group>"; };
		071EA5B42A540461008B94ED /* csp.h */ = {isa = PBXFileReference; fileEncoding = 4; lastKnownFileType = sourcecode.c.h; path = csp.h; sourceTree = "<group>"; };
		071EA5B52A540461008B94ED /* pixelutils.h */ = {isa = PBXFileReference; fileEncoding = 4; lastKnownFileType = sourcecode.c.h; path = pixelutils.h; sourceTree = "<group>"; };
		071EA5B62A540461008B94ED /* hwcontext_drm.h */ = {isa = PBXFileReference; fileEncoding = 4; lastKnownFileType = sourcecode.c.h; path = hwcontext_drm.h; sourceTree = "<group>"; };
		071EA5B72A540461008B94ED /* common.h */ = {isa = PBXFileReference; fileEncoding = 4; lastKnownFileType = sourcecode.c.h; path = common.h; sourceTree = "<group>"; };
		071EA5B82A540461008B94ED /* hmac.h */ = {isa = PBXFileReference; fileEncoding = 4; lastKnownFileType = sourcecode.c.h; path = hmac.h; sourceTree = "<group>"; };
		071EA5B92A540461008B94ED /* eval.h */ = {isa = PBXFileReference; fileEncoding = 4; lastKnownFileType = sourcecode.c.h; path = eval.h; sourceTree = "<group>"; };
		071EA5BA2A540461008B94ED /* dict.h */ = {isa = PBXFileReference; fileEncoding = 4; lastKnownFileType = sourcecode.c.h; path = dict.h; sourceTree = "<group>"; };
		071EA5BB2A540461008B94ED /* random_seed.h */ = {isa = PBXFileReference; fileEncoding = 4; lastKnownFileType = sourcecode.c.h; path = random_seed.h; sourceTree = "<group>"; };
		071EA5BC2A540461008B94ED /* opt.h */ = {isa = PBXFileReference; fileEncoding = 4; lastKnownFileType = sourcecode.c.h; path = opt.h; sourceTree = "<group>"; };
		071EA5BD2A540461008B94ED /* mastering_display_metadata.h */ = {isa = PBXFileReference; fileEncoding = 4; lastKnownFileType = sourcecode.c.h; path = mastering_display_metadata.h; sourceTree = "<group>"; };
		071EA5BE2A540461008B94ED /* log.h */ = {isa = PBXFileReference; fileEncoding = 4; lastKnownFileType = sourcecode.c.h; path = log.h; sourceTree = "<group>"; };
		071EA5BF2A540461008B94ED /* aes.h */ = {isa = PBXFileReference; fileEncoding = 4; lastKnownFileType = sourcecode.c.h; path = aes.h; sourceTree = "<group>"; };
		071EA5C02A540461008B94ED /* macros.h */ = {isa = PBXFileReference; fileEncoding = 4; lastKnownFileType = sourcecode.c.h; path = macros.h; sourceTree = "<group>"; };
		071EA5C12A540461008B94ED /* bswap.h */ = {isa = PBXFileReference; fileEncoding = 4; lastKnownFileType = sourcecode.c.h; path = bswap.h; sourceTree = "<group>"; };
		071EA5C22A540461008B94ED /* rc4.h */ = {isa = PBXFileReference; fileEncoding = 4; lastKnownFileType = sourcecode.c.h; path = rc4.h; sourceTree = "<group>"; };
		071EA5C32A540461008B94ED /* tea.h */ = {isa = PBXFileReference; fileEncoding = 4; lastKnownFileType = sourcecode.c.h; path = tea.h; sourceTree = "<group>"; };
		071EA5C42A540461008B94ED /* cpu.h */ = {isa = PBXFileReference; fileEncoding = 4; lastKnownFileType = sourcecode.c.h; path = cpu.h; sourceTree = "<group>"; };
		071EA5C52A540461008B94ED /* lzo.h */ = {isa = PBXFileReference; fileEncoding = 4; lastKnownFileType = sourcecode.c.h; path = lzo.h; sourceTree = "<group>"; };
		071EA5C62A540461008B94ED /* des.h */ = {isa = PBXFileReference; fileEncoding = 4; lastKnownFileType = sourcecode.c.h; path = des.h; sourceTree = "<group>"; };
		071EA5C72A540461008B94ED /* channel_layout.h */ = {isa = PBXFileReference; fileEncoding = 4; lastKnownFileType = sourcecode.c.h; path = channel_layout.h; sourceTree = "<group>"; };
		071EA5C82A540461008B94ED /* encryption_info.h */ = {isa = PBXFileReference; fileEncoding = 4; lastKnownFileType = sourcecode.c.h; path = encryption_info.h; sourceTree = "<group>"; };
		071EA5C92A540461008B94ED /* twofish.h */ = {isa = PBXFileReference; fileEncoding = 4; lastKnownFileType = sourcecode.c.h; path = twofish.h; sourceTree = "<group>"; };
		071EA5CA2A540461008B94ED /* imgutils.h */ = {isa = PBXFileReference; fileEncoding = 4; lastKnownFileType = sourcecode.c.h; path = imgutils.h; sourceTree = "<group>"; };
		071EA5CB2A540461008B94ED /* hwcontext_videotoolbox.h */ = {isa = PBXFileReference; fileEncoding = 4; lastKnownFileType = sourcecode.c.h; path = hwcontext_videotoolbox.h; sourceTree = "<group>"; };
		071EA5CC2A540461008B94ED /* video_enc_params.h */ = {isa = PBXFileReference; fileEncoding = 4; lastKnownFileType = sourcecode.c.h; path = video_enc_params.h; sourceTree = "<group>"; };
		071EA5CD2A540461008B94ED /* mem.h */ = {isa = PBXFileReference; fileEncoding = 4; lastKnownFileType = sourcecode.c.h; path = mem.h; sourceTree = "<group>"; };
		071EA5CE2A540461008B94ED /* parseutils.h */ = {isa = PBXFileReference; fileEncoding = 4; lastKnownFileType = sourcecode.c.h; path = parseutils.h; sourceTree = "<group>"; };
		071EA5CF2A540461008B94ED /* ripemd.h */ = {isa = PBXFileReference; fileEncoding = 4; lastKnownFileType = sourcecode.c.h; path = ripemd.h; sourceTree = "<group>"; };
		071EA5D02A540461008B94ED /* bprint.h */ = {isa = PBXFileReference; fileEncoding = 4; lastKnownFileType = sourcecode.c.h; path = bprint.h; sourceTree = "<group>"; };
		071EA5D12A540461008B94ED /* hdr_dynamic_metadata.h */ = {isa = PBXFileReference; fileEncoding = 4; lastKnownFileType = sourcecode.c.h; path = hdr_dynamic_metadata.h; sourceTree = "<group>"; };
		071EA5D22A540461008B94ED /* hwcontext_qsv.h */ = {isa = PBXFileReference; fileEncoding = 4; lastKnownFileType = sourcecode.c.h; path = hwcontext_qsv.h; sourceTree = "<group>"; };
		071EA5D32A540461008B94ED /* pixfmt.h */ = {isa = PBXFileReference; fileEncoding = 4; lastKnownFileType = sourcecode.c.h; path = pixfmt.h; sourceTree = "<group>"; };
		071EA5D42A540461008B94ED /* aes_ctr.h */ = {isa = PBXFileReference; fileEncoding = 4; lastKnownFileType = sourcecode.c.h; path = aes_ctr.h; sourceTree = "<group>"; };
		071EA5D52A540461008B94ED /* timestamp.h */ = {isa = PBXFileReference; fileEncoding = 4; lastKnownFileType = sourcecode.c.h; path = timestamp.h; sourceTree = "<group>"; };
		071EA5D62A540461008B94ED /* downmix_info.h */ = {isa = PBXFileReference; fileEncoding = 4; lastKnownFileType = sourcecode.c.h; path = downmix_info.h; sourceTree = "<group>"; };
		071EA5D72A540461008B94ED /* avassert.h */ = {isa = PBXFileReference; fileEncoding = 4; lastKnownFileType = sourcecode.c.h; path = avassert.h; sourceTree = "<group>"; };
		071EA5D82A540461008B94ED /* hash.h */ = {isa = PBXFileReference; fileEncoding = 4; lastKnownFileType = sourcecode.c.h; path = hash.h; sourceTree = "<group>"; };
		071EA5D92A540461008B94ED /* mathematics.h */ = {isa = PBXFileReference; fileEncoding = 4; lastKnownFileType = sourcecode.c.h; path = mathematics.h; sourceTree = "<group>"; };
		071EA5DA2A540461008B94ED /* intreadwrite.h */ = {isa = PBXFileReference; fileEncoding = 4; lastKnownFileType = sourcecode.c.h; path = intreadwrite.h; sourceTree = "<group>"; };
		071EA5DB2A540461008B94ED /* film_grain_params.h */ = {isa = PBXFileReference; fileEncoding = 4; lastKnownFileType = sourcecode.c.h; path = film_grain_params.h; sourceTree = "<group>"; };
		071EA5DC2A540461008B94ED /* avstring.h */ = {isa = PBXFileReference; fileEncoding = 4; lastKnownFileType = sourcecode.c.h; path = avstring.h; sourceTree = "<group>"; };
		071EA5DE2A540461008B94ED /* version.h */ = {isa = PBXFileReference; fileEncoding = 4; lastKnownFileType = sourcecode.c.h; path = version.h; sourceTree = "<group>"; };
		071EA5DF2A540461008B94ED /* avdevice.h */ = {isa = PBXFileReference; fileEncoding = 4; lastKnownFileType = sourcecode.c.h; path = avdevice.h; sourceTree = "<group>"; };
		071EA5E02A540461008B94ED /* version_major.h */ = {isa = PBXFileReference; fileEncoding = 4; lastKnownFileType = sourcecode.c.h; path = version_major.h; sourceTree = "<group>"; };
		071EA5E22A540461008B94ED /* version.h */ = {isa = PBXFileReference; fileEncoding = 4; lastKnownFileType = sourcecode.c.h; path = version.h; sourceTree = "<group>"; };
		071EA5E32A540461008B94ED /* version_major.h */ = {isa = PBXFileReference; fileEncoding = 4; lastKnownFileType = sourcecode.c.h; path = version_major.h; sourceTree = "<group>"; };
		071EA5E42A540461008B94ED /* avio.h */ = {isa = PBXFileReference; fileEncoding = 4; lastKnownFileType = sourcecode.c.h; path = avio.h; sourceTree = "<group>"; };
		071EA5E52A540461008B94ED /* avformat.h */ = {isa = PBXFileReference; fileEncoding = 4; lastKnownFileType = sourcecode.c.h; path = avformat.h; sourceTree = "<group>"; };
		071EA5E72A540461008B94ED /* version.h */ = {isa = PBXFileReference; fileEncoding = 4; lastKnownFileType = sourcecode.c.h; path = version.h; sourceTree = "<group>"; };
		071EA5E82A540461008B94ED /* swscale.h */ = {isa = PBXFileReference; fileEncoding = 4; lastKnownFileType = sourcecode.c.h; path = swscale.h; sourceTree = "<group>"; };
		071EA5E92A540461008B94ED /* version_major.h */ = {isa = PBXFileReference; fileEncoding = 4; lastKnownFileType = sourcecode.c.h; path = version_major.h; sourceTree = "<group>"; };
		071EA5EB2A540461008B94ED /* adts_parser.h */ = {isa = PBXFileReference; fileEncoding = 4; lastKnownFileType = sourcecode.c.h; path = adts_parser.h; sourceTree = "<group>"; };
		071EA5EC2A540461008B94ED /* avcodec.h */ = {isa = PBXFileReference; fileEncoding = 4; lastKnownFileType = sourcecode.c.h; path = avcodec.h; sourceTree = "<group>"; };
		071EA5ED2A540461008B94ED /* defs.h */ = {isa = PBXFileReference; fileEncoding = 4; lastKnownFileType = sourcecode.c.h; path = defs.h; sourceTree = "<group>"; };
		071EA5EE2A540461008B94ED /* version.h */ = {isa = PBXFileReference; fileEncoding = 4; lastKnownFileType = sourcecode.c.h; path = version.h; sourceTree = "<group>"; };
		071EA5EF2A540461008B94ED /* vdpau.h */ = {isa = PBXFileReference; fileEncoding = 4; lastKnownFileType = sourcecode.c.h; path = vdpau.h; sourceTree = "<group>"; };
		071EA5F02A540461008B94ED /* codec_par.h */ = {isa = PBXFileReference; fileEncoding = 4; lastKnownFileType = sourcecode.c.h; path = codec_par.h; sourceTree = "<group>"; };
		071EA5F12A540461008B94ED /* qsv.h */ = {isa = PBXFileReference; fileEncoding = 4; lastKnownFileType = sourcecode.c.h; path = qsv.h; sourceTree = "<group>"; };
		071EA5F22A540461008B94ED /* codec_desc.h */ = {isa = PBXFileReference; fileEncoding = 4; lastKnownFileType = sourcecode.c.h; path = codec_desc.h; sourceTree = "<group>"; };
		071EA5F32A540461008B94ED /* videotoolbox.h */ = {isa = PBXFileReference; fileEncoding = 4; lastKnownFileType = sourcecode.c.h; path = videotoolbox.h; sourceTree = "<group>"; };
		071EA5F42A540461008B94ED /* xvmc.h */ = {isa = PBXFileReference; fileEncoding = 4; lastKnownFileType = sourcecode.c.h; path = xvmc.h; sourceTree = "<group>"; };
		071EA5F52A540461008B94ED /* mediacodec.h */ = {isa = PBXFileReference; fileEncoding = 4; lastKnownFileType = sourcecode.c.h; path = mediacodec.h; sourceTree = "<group>"; };
		071EA5F62A540461008B94ED /* d3d11va.h */ = {isa = PBXFileReference; fileEncoding = 4; lastKnownFileType = sourcecode.c.h; path = d3d11va.h; sourceTree = "<group>"; };
		071EA5F72A540461008B94ED /* avfft.h */ = {isa = PBXFileReference; fileEncoding = 4; lastKnownFileType = sourcecode.c.h; path = avfft.h; sourceTree = "<group>"; };
		071EA5F82A540461008B94ED /* codec.h */ = {isa = PBXFileReference; fileEncoding = 4; lastKnownFileType = sourcecode.c.h; path = codec.h; sourceTree = "<group>"; };
		071EA5F92A540461008B94ED /* jni.h */ = {isa = PBXFileReference; fileEncoding = 4; lastKnownFileType = sourcecode.c.h; path = jni.h; sourceTree = "<group>"; };
		071EA5FA2A540461008B94ED /* packet.h */ = {isa = PBXFileReference; fileEncoding = 4; lastKnownFileType = sourcecode.c.h; path = packet.h; sourceTree = "<group>"; };
		071EA5FB2A540461008B94ED /* version_major.h */ = {isa = PBXFileReference; fileEncoding = 4; lastKnownFileType = sourcecode.c.h; path = version_major.h; sourceTree = "<group>"; };
		071EA5FC2A540461008B94ED /* bsf.h */ = {isa = PBXFileReference; fileEncoding = 4; lastKnownFileType = sourcecode.c.h; path = bsf.h; sourceTree = "<group>"; };
		071EA5FD2A540461008B94ED /* codec_id.h */ = {isa = PBXFileReference; fileEncoding = 4; lastKnownFileType = sourcecode.c.h; path = codec_id.h; sourceTree = "<group>"; };
		071EA5FE2A540461008B94ED /* dirac.h */ = {isa = PBXFileReference; fileEncoding = 4; lastKnownFileType = sourcecode.c.h; path = dirac.h; sourceTree = "<group>"; };
		071EA5FF2A540461008B94ED /* avdct.h */ = {isa = PBXFileReference; fileEncoding = 4; lastKnownFileType = sourcecode.c.h; path = avdct.h; sourceTree = "<group>"; };
		071EA6002A540461008B94ED /* ac3_parser.h */ = {isa = PBXFileReference; fileEncoding = 4; lastKnownFileType = sourcecode.c.h; path = ac3_parser.h; sourceTree = "<group>"; };
		071EA6012A540461008B94ED /* vorbis_parser.h */ = {isa = PBXFileReference; fileEncoding = 4; lastKnownFileType = sourcecode.c.h; path = vorbis_parser.h; sourceTree = "<group>"; };
		071EA6022A540461008B94ED /* dxva2.h */ = {isa = PBXFileReference; fileEncoding = 4; lastKnownFileType = sourcecode.c.h; path = dxva2.h; sourceTree = "<group>"; };
		071EA6032A540461008B94ED /* dv_profile.h */ = {isa = PBXFileReference; fileEncoding = 4; lastKnownFileType = sourcecode.c.h; path = dv_profile.h; sourceTree = "<group>"; };
		071EA6052A540461008B94ED /* version.h */ = {isa = PBXFileReference; fileEncoding = 4; lastKnownFileType = sourcecode.c.h; path = version.h; sourceTree = "<group>"; };
		071EA6062A540461008B94ED /* version_major.h */ = {isa = PBXFileReference; fileEncoding = 4; lastKnownFileType = sourcecode.c.h; path = version_major.h; sourceTree = "<group>"; };
		071EA6072A540461008B94ED /* swresample.h */ = {isa = PBXFileReference; fileEncoding = 4; lastKnownFileType = sourcecode.c.h; path = swresample.h; sourceTree = "<group>"; };
		071EA6092A540461008B94ED /* libavutil.a */ = {isa = PBXFileReference; lastKnownFileType = archive.ar; path = libavutil.a; sourceTree = "<group>"; };
		071EA60A2A540461008B94ED /* libavfilter.a */ = {isa = PBXFileReference; lastKnownFileType = archive.ar; path = libavfilter.a; sourceTree = "<group>"; };
		071EA60B2A540461008B94ED /* libavcodec.a */ = {isa = PBXFileReference; lastKnownFileType = archive.ar; path = libavcodec.a; sourceTree = "<group>"; };
		071EA60C2A540461008B94ED /* libavformat.a */ = {isa = PBXFileReference; lastKnownFileType = archive.ar; path = libavformat.a; sourceTree = "<group>"; };
		071EA60D2A540461008B94ED /* libavdevice.a */ = {isa = PBXFileReference; lastKnownFileType = archive.ar; path = libavdevice.a; sourceTree = "<group>"; };
		071EA60E2A540461008B94ED /* libswresample.a */ = {isa = PBXFileReference; lastKnownFileType = archive.ar; path = libswresample.a; sourceTree = "<group>"; };
		071EA60F2A540461008B94ED /* libswscale.a */ = {isa = PBXFileReference; lastKnownFileType = archive.ar; path = libswscale.a; sourceTree = "<group>"; };
		07F42BC62A308633000F283F /* GeminiPlayer.swift */ = {isa = PBXFileReference; lastKnownFileType = sourcecode.swift; path = GeminiPlayer.swift; sourceTree = "<group>"; };
		07F42BC82A308669000F283F /* GeminiVideoLayer.swift */ = {isa = PBXFileReference; lastKnownFileType = sourcecode.swift; path = GeminiVideoLayer.swift; sourceTree = "<group>"; };
		07F42BCA2A308699000F283F /* GeminiControlLayer.swift */ = {isa = PBXFileReference; lastKnownFileType = sourcecode.swift; path = GeminiControlLayer.swift; sourceTree = "<group>"; };
		59987F512A1941C10081E473 /* GeminiPlayer.app */ = {isa = PBXFileReference; explicitFileType = wrapper.application; includeInIndex = 0; path = GeminiPlayer.app; sourceTree = BUILT_PRODUCTS_DIR; };
		59987F542A1941C10081E473 /* AppDelegate.swift */ = {isa = PBXFileReference; lastKnownFileType = sourcecode.swift; path = AppDelegate.swift; sourceTree = "<group>"; };
		59987F562A1941C10081E473 /* SceneDelegate.swift */ = {isa = PBXFileReference; lastKnownFileType = sourcecode.swift; path = SceneDelegate.swift; sourceTree = "<group>"; };
		59987F582A1941C10081E473 /* ViewController.swift */ = {isa = PBXFileReference; lastKnownFileType = sourcecode.swift; path = ViewController.swift; sourceTree = "<group>"; };
		59987F5B2A1941C10081E473 /* Base */ = {isa = PBXFileReference; lastKnownFileType = file.storyboard; name = Base; path = Base.lproj/Main.storyboard; sourceTree = "<group>"; };
		59987F5D2A1941C20081E473 /* Assets.xcassets */ = {isa = PBXFileReference; lastKnownFileType = folder.assetcatalog; path = Assets.xcassets; sourceTree = "<group>"; };
		59987F602A1941C20081E473 /* Base */ = {isa = PBXFileReference; lastKnownFileType = file.storyboard; name = Base; path = Base.lproj/LaunchScreen.storyboard; sourceTree = "<group>"; };
		59987F622A1941C20081E473 /* Info.plist */ = {isa = PBXFileReference; lastKnownFileType = text.plist.xml; path = Info.plist; sourceTree = "<group>"; };
/* End PBXFileReference section */

/* Begin PBXFrameworksBuildPhase section */
		59987F4E2A1941C10081E473 /* Frameworks */ = {
			isa = PBXFrameworksBuildPhase;
			buildActionMask = 2147483647;
			files = (
				071EA6142A540461008B94ED /* libavdevice.a in Frameworks */,
				071EA6162A540461008B94ED /* libswscale.a in Frameworks */,
				071EA6112A540461008B94ED /* libavfilter.a in Frameworks */,
				071EA6102A540461008B94ED /* libavutil.a in Frameworks */,
				071EA6122A540461008B94ED /* libavcodec.a in Frameworks */,
				071EA6152A540461008B94ED /* libswresample.a in Frameworks */,
				071EA6132A540461008B94ED /* libavformat.a in Frameworks */,
			);
			runOnlyForDeploymentPostprocessing = 0;
		};
/* End PBXFrameworksBuildPhase section */

/* Begin PBXGroup section */
		071EA5782A540461008B94ED /* ffmpeg-6.0 */ = {
			isa = PBXGroup;
			children = (
				071EA5792A540461008B94ED /* include */,
				071EA6082A540461008B94ED /* lib */,
			);
			path = "ffmpeg-6.0";
			sourceTree = "<group>";
		};
		071EA5792A540461008B94ED /* include */ = {
			isa = PBXGroup;
			children = (
				071EA57A2A540461008B94ED /* libavfilter */,
				071EA5802A540461008B94ED /* libavutil */,
				071EA5DD2A540461008B94ED /* libavdevice */,
				071EA5E12A540461008B94ED /* libavformat */,
				071EA5E62A540461008B94ED /* libswscale */,
				071EA5EA2A540461008B94ED /* libavcodec */,
				071EA6042A540461008B94ED /* libswresample */,
			);
			path = include;
			sourceTree = "<group>";
		};
		071EA57A2A540461008B94ED /* libavfilter */ = {
			isa = PBXGroup;
			children = (
				071EA57B2A540461008B94ED /* version.h */,
				071EA57C2A540461008B94ED /* buffersrc.h */,
				071EA57D2A540461008B94ED /* version_major.h */,
				071EA57E2A540461008B94ED /* buffersink.h */,
				071EA57F2A540461008B94ED /* avfilter.h */,
			);
			path = libavfilter;
			sourceTree = "<group>";
		};
		071EA5802A540461008B94ED /* libavutil */ = {
			isa = PBXGroup;
			children = (
				071EA5812A540461008B94ED /* hwcontext.h */,
				071EA5822A540461008B94ED /* time.h */,
				071EA5832A540461008B94ED /* hwcontext_cuda.h */,
				071EA5842A540461008B94ED /* intfloat.h */,
				071EA5852A540461008B94ED /* error.h */,
				071EA5862A540461008B94ED /* detection_bbox.h */,
				071EA5872A540461008B94ED /* ambient_viewing_environment.h */,
				071EA5882A540461008B94ED /* fifo.h */,
				071EA5892A540461008B94ED /* blowfish.h */,
				071EA58A2A540461008B94ED /* hwcontext_mediacodec.h */,
				071EA58B2A540461008B94ED /* replaygain.h */,
				071EA58C2A540461008B94ED /* version.h */,
				071EA58D2A540461008B94ED /* murmur3.h */,
				071EA58E2A540461008B94ED /* stereo3d.h */,
				071EA58F2A540461008B94ED /* samplefmt.h */,
				071EA5902A540461008B94ED /* pixdesc.h */,
				071EA5912A540461008B94ED /* base64.h */,
				071EA5922A540461008B94ED /* rational.h */,
				071EA5932A540461008B94ED /* sha.h */,
				071EA5942A540461008B94ED /* motion_vector.h */,
				071EA5952A540461008B94ED /* uuid.h */,
				071EA5962A540461008B94ED /* avconfig.h */,
				071EA5972A540461008B94ED /* lfg.h */,
				071EA5982A540461008B94ED /* avutil.h */,
				071EA5992A540461008B94ED /* hwcontext_vulkan.h */,
				071EA59A2A540461008B94ED /* xtea.h */,
				071EA59B2A540461008B94ED /* crc.h */,
				071EA59C2A540461008B94ED /* hwcontext_vdpau.h */,
				071EA59D2A540461008B94ED /* frame.h */,
				071EA59E2A540461008B94ED /* file.h */,
				071EA59F2A540461008B94ED /* md5.h */,
				071EA5A02A540461008B94ED /* cast5.h */,
				071EA5A12A540461008B94ED /* hwcontext_vaapi.h */,
				071EA5A22A540461008B94ED /* spherical.h */,
				071EA5A32A540461008B94ED /* ffversion.h */,
				071EA5A42A540461008B94ED /* hwcontext_opencl.h */,
				071EA5A52A540461008B94ED /* audio_fifo.h */,
				071EA5A62A540461008B94ED /* tree.h */,
				071EA5A72A540461008B94ED /* threadmessage.h */,
				071EA5A82A540461008B94ED /* attributes.h */,
				071EA5A92A540461008B94ED /* hdr_dynamic_vivid_metadata.h */,
				071EA5AA2A540461008B94ED /* adler32.h */,
				071EA5AB2A540461008B94ED /* hwcontext_d3d11va.h */,
				071EA5AC2A540461008B94ED /* timecode.h */,
				071EA5AD2A540461008B94ED /* dovi_meta.h */,
				071EA5AE2A540461008B94ED /* tx.h */,
				071EA5AF2A540461008B94ED /* sha512.h */,
				071EA5B02A540461008B94ED /* hwcontext_dxva2.h */,
				071EA5B12A540461008B94ED /* display.h */,
				071EA5B22A540461008B94ED /* buffer.h */,
				071EA5B32A540461008B94ED /* camellia.h */,
				071EA5B42A540461008B94ED /* csp.h */,
				071EA5B52A540461008B94ED /* pixelutils.h */,
				071EA5B62A540461008B94ED /* hwcontext_drm.h */,
				071EA5B72A540461008B94ED /* common.h */,
				071EA5B82A540461008B94ED /* hmac.h */,
				071EA5B92A540461008B94ED /* eval.h */,
				071EA5BA2A540461008B94ED /* dict.h */,
				071EA5BB2A540461008B94ED /* random_seed.h */,
				071EA5BC2A540461008B94ED /* opt.h */,
				071EA5BD2A540461008B94ED /* mastering_display_metadata.h */,
				071EA5BE2A540461008B94ED /* log.h */,
				071EA5BF2A540461008B94ED /* aes.h */,
				071EA5C02A540461008B94ED /* macros.h */,
				071EA5C12A540461008B94ED /* bswap.h */,
				071EA5C22A540461008B94ED /* rc4.h */,
				071EA5C32A540461008B94ED /* tea.h */,
				071EA5C42A540461008B94ED /* cpu.h */,
				071EA5C52A540461008B94ED /* lzo.h */,
				071EA5C62A540461008B94ED /* des.h */,
				071EA5C72A540461008B94ED /* channel_layout.h */,
				071EA5C82A540461008B94ED /* encryption_info.h */,
				071EA5C92A540461008B94ED /* twofish.h */,
				071EA5CA2A540461008B94ED /* imgutils.h */,
				071EA5CB2A540461008B94ED /* hwcontext_videotoolbox.h */,
				071EA5CC2A540461008B94ED /* video_enc_params.h */,
				071EA5CD2A540461008B94ED /* mem.h */,
				071EA5CE2A540461008B94ED /* parseutils.h */,
				071EA5CF2A540461008B94ED /* ripemd.h */,
				071EA5D02A540461008B94ED /* bprint.h */,
				071EA5D12A540461008B94ED /* hdr_dynamic_metadata.h */,
				071EA5D22A540461008B94ED /* hwcontext_qsv.h */,
				071EA5D32A540461008B94ED /* pixfmt.h */,
				071EA5D42A540461008B94ED /* aes_ctr.h */,
				071EA5D52A540461008B94ED /* timestamp.h */,
				071EA5D62A540461008B94ED /* downmix_info.h */,
				071EA5D72A540461008B94ED /* avassert.h */,
				071EA5D82A540461008B94ED /* hash.h */,
				071EA5D92A540461008B94ED /* mathematics.h */,
				071EA5DA2A540461008B94ED /* intreadwrite.h */,
				071EA5DB2A540461008B94ED /* film_grain_params.h */,
				071EA5DC2A540461008B94ED /* avstring.h */,
			);
			path = libavutil;
			sourceTree = "<group>";
		};
		071EA5DD2A540461008B94ED /* libavdevice */ = {
			isa = PBXGroup;
			children = (
				071EA5DE2A540461008B94ED /* version.h */,
				071EA5DF2A540461008B94ED /* avdevice.h */,
				071EA5E02A540461008B94ED /* version_major.h */,
			);
			path = libavdevice;
			sourceTree = "<group>";
		};
		071EA5E12A540461008B94ED /* libavformat */ = {
			isa = PBXGroup;
			children = (
				071EA5E22A540461008B94ED /* version.h */,
				071EA5E32A540461008B94ED /* version_major.h */,
				071EA5E42A540461008B94ED /* avio.h */,
				071EA5E52A540461008B94ED /* avformat.h */,
			);
			path = libavformat;
			sourceTree = "<group>";
		};
		071EA5E62A540461008B94ED /* libswscale */ = {
			isa = PBXGroup;
			children = (
				071EA5E72A540461008B94ED /* version.h */,
				071EA5E82A540461008B94ED /* swscale.h */,
				071EA5E92A540461008B94ED /* version_major.h */,
			);
			path = libswscale;
			sourceTree = "<group>";
		};
		071EA5EA2A540461008B94ED /* libavcodec */ = {
			isa = PBXGroup;
			children = (
				071EA5EB2A540461008B94ED /* adts_parser.h */,
				071EA5EC2A540461008B94ED /* avcodec.h */,
				071EA5ED2A540461008B94ED /* defs.h */,
				071EA5EE2A540461008B94ED /* version.h */,
				071EA5EF2A540461008B94ED /* vdpau.h */,
				071EA5F02A540461008B94ED /* codec_par.h */,
				071EA5F12A540461008B94ED /* qsv.h */,
				071EA5F22A540461008B94ED /* codec_desc.h */,
				071EA5F32A540461008B94ED /* videotoolbox.h */,
				071EA5F42A540461008B94ED /* xvmc.h */,
				071EA5F52A540461008B94ED /* mediacodec.h */,
				071EA5F62A540461008B94ED /* d3d11va.h */,
				071EA5F72A540461008B94ED /* avfft.h */,
				071EA5F82A540461008B94ED /* codec.h */,
				071EA5F92A540461008B94ED /* jni.h */,
				071EA5FA2A540461008B94ED /* packet.h */,
				071EA5FB2A540461008B94ED /* version_major.h */,
				071EA5FC2A540461008B94ED /* bsf.h */,
				071EA5FD2A540461008B94ED /* codec_id.h */,
				071EA5FE2A540461008B94ED /* dirac.h */,
				071EA5FF2A540461008B94ED /* avdct.h */,
				071EA6002A540461008B94ED /* ac3_parser.h */,
				071EA6012A540461008B94ED /* vorbis_parser.h */,
				071EA6022A540461008B94ED /* dxva2.h */,
				071EA6032A540461008B94ED /* dv_profile.h */,
			);
			path = libavcodec;
			sourceTree = "<group>";
		};
		071EA6042A540461008B94ED /* libswresample */ = {
			isa = PBXGroup;
			children = (
				071EA6052A540461008B94ED /* version.h */,
				071EA6062A540461008B94ED /* version_major.h */,
				071EA6072A540461008B94ED /* swresample.h */,
			);
			path = libswresample;
			sourceTree = "<group>";
		};
		071EA6082A540461008B94ED /* lib */ = {
			isa = PBXGroup;
			children = (
				071EA6092A540461008B94ED /* libavutil.a */,
				071EA60A2A540461008B94ED /* libavfilter.a */,
				071EA60B2A540461008B94ED /* libavcodec.a */,
				071EA60C2A540461008B94ED /* libavformat.a */,
				071EA60D2A540461008B94ED /* libavdevice.a */,
				071EA60E2A540461008B94ED /* libswresample.a */,
				071EA60F2A540461008B94ED /* libswscale.a */,
			);
			path = lib;
			sourceTree = "<group>";
		};
		07F42BC52A308624000F283F /* GeminiPlayer */ = {
			isa = PBXGroup;
			children = (
				07F42BC62A308633000F283F /* GeminiPlayer.swift */,
				07F42BC82A308669000F283F /* GeminiVideoLayer.swift */,
				07F42BCA2A308699000F283F /* GeminiControlLayer.swift */,
			);
			path = GeminiPlayer;
			sourceTree = "<group>";
		};
		59987F482A1941C10081E473 = {
			isa = PBXGroup;
			children = (
				59987F532A1941C10081E473 /* GeminiPlayer */,
				59987F522A1941C10081E473 /* Products */,
			);
			sourceTree = "<group>";
		};
		59987F522A1941C10081E473 /* Products */ = {
			isa = PBXGroup;
			children = (
				59987F512A1941C10081E473 /* GeminiPlayer.app */,
			);
			name = Products;
			sourceTree = "<group>";
		};
		59987F532A1941C10081E473 /* GeminiPlayer */ = {
			isa = PBXGroup;
			children = (
				071EA5782A540461008B94ED /* ffmpeg-6.0 */,
				59987F542A1941C10081E473 /* AppDelegate.swift */,
				59987F562A1941C10081E473 /* SceneDelegate.swift */,
				59987F582A1941C10081E473 /* ViewController.swift */,
				07F42BC52A308624000F283F /* GeminiPlayer */,
				59987F5A2A1941C10081E473 /* Main.storyboard */,
				59987F5D2A1941C20081E473 /* Assets.xcassets */,
				59987F5F2A1941C20081E473 /* LaunchScreen.storyboard */,
				59987F622A1941C20081E473 /* Info.plist */,
			);
			path = GeminiPlayer;
			sourceTree = "<group>";
		};
/* End PBXGroup section */

/* Begin PBXNativeTarget section */
		59987F502A1941C10081E473 /* GeminiPlayer */ = {
			isa = PBXNativeTarget;
			buildConfigurationList = 59987F652A1941C20081E473 /* Build configuration list for PBXNativeTarget "GeminiPlayer" */;
			buildPhases = (
				59987F4D2A1941C10081E473 /* Sources */,
				59987F4E2A1941C10081E473 /* Frameworks */,
				59987F4F2A1941C10081E473 /* Resources */,
			);
			buildRules = (
			);
			dependencies = (
			);
			name = GeminiPlayer;
			productName = GeminiPlayer;
			productReference = 59987F512A1941C10081E473 /* GeminiPlayer.app */;
			productType = "com.apple.product-type.application";
		};
/* End PBXNativeTarget section */

/* Begin PBXProject section */
		59987F492A1941C10081E473 /* Project object */ = {
			isa = PBXProject;
			attributes = {
				BuildIndependentTargetsInParallel = 1;
				LastSwiftUpdateCheck = 1420;
				LastUpgradeCheck = 1420;
				TargetAttributes = {
					59987F502A1941C10081E473 = {
						CreatedOnToolsVersion = 14.2;
					};
				};
			};
			buildConfigurationList = 59987F4C2A1941C10081E473 /* Build configuration list for PBXProject "GeminiPlayer" */;
			compatibilityVersion = "Xcode 14.0";
			developmentRegion = en;
			hasScannedForEncodings = 0;
			knownRegions = (
				en,
				Base,
			);
			mainGroup = 59987F482A1941C10081E473;
			productRefGroup = 59987F522A1941C10081E473 /* Products */;
			projectDirPath = "";
			projectRoot = "";
			targets = (
				59987F502A1941C10081E473 /* GeminiPlayer */,
			);
		};
/* End PBXProject section */

/* Begin PBXResourcesBuildPhase section */
		59987F4F2A1941C10081E473 /* Resources */ = {
			isa = PBXResourcesBuildPhase;
			buildActionMask = 2147483647;
			files = (
				59987F612A1941C20081E473 /* LaunchScreen.storyboard in Resources */,
				59987F5E2A1941C20081E473 /* Assets.xcassets in Resources */,
				59987F5C2A1941C10081E473 /* Main.storyboard in Resources */,
			);
			runOnlyForDeploymentPostprocessing = 0;
		};
/* End PBXResourcesBuildPhase section */

/* Begin PBXSourcesBuildPhase section */
		59987F4D2A1941C10081E473 /* Sources */ = {
			isa = PBXSourcesBuildPhase;
			buildActionMask = 2147483647;
			files = (
				07F42BCB2A308699000F283F /* GeminiControlLayer.swift in Sources */,
				59987F592A1941C10081E473 /* ViewController.swift in Sources */,
				59987F552A1941C10081E473 /* AppDelegate.swift in Sources */,
				59987F572A1941C10081E473 /* SceneDelegate.swift in Sources */,
				07F42BC72A308633000F283F /* GeminiPlayer.swift in Sources */,
				07F42BC92A308669000F283F /* GeminiVideoLayer.swift in Sources */,
			);
			runOnlyForDeploymentPostprocessing = 0;
		};
/* End PBXSourcesBuildPhase section */

/* Begin PBXVariantGroup section */
		59987F5A2A1941C10081E473 /* Main.storyboard */ = {
			isa = PBXVariantGroup;
			children = (
				59987F5B2A1941C10081E473 /* Base */,
			);
			name = Main.storyboard;
			sourceTree = "<group>";
		};
		59987F5F2A1941C20081E473 /* LaunchScreen.storyboard */ = {
			isa = PBXVariantGroup;
			children = (
				59987F602A1941C20081E473 /* Base */,
			);
			name = LaunchScreen.storyboard;
			sourceTree = "<group>";
		};
/* End PBXVariantGroup section */

/* Begin XCBuildConfiguration section */
		59987F632A1941C20081E473 /* Debug */ = {
			isa = XCBuildConfiguration;
			buildSettings = {
				ALWAYS_SEARCH_USER_PATHS = NO;
				CLANG_ANALYZER_NONNULL = YES;
				CLANG_ANALYZER_NUMBER_OBJECT_CONVERSION = YES_AGGRESSIVE;
				CLANG_CXX_LANGUAGE_STANDARD = "gnu++20";
				CLANG_ENABLE_MODULES = YES;
				CLANG_ENABLE_OBJC_ARC = YES;
				CLANG_ENABLE_OBJC_WEAK = YES;
				CLANG_WARN_BLOCK_CAPTURE_AUTORELEASING = YES;
				CLANG_WARN_BOOL_CONVERSION = YES;
				CLANG_WARN_COMMA = YES;
				CLANG_WARN_CONSTANT_CONVERSION = YES;
				CLANG_WARN_DEPRECATED_OBJC_IMPLEMENTATIONS = YES;
				CLANG_WARN_DIRECT_OBJC_ISA_USAGE = YES_ERROR;
				CLANG_WARN_DOCUMENTATION_COMMENTS = YES;
				CLANG_WARN_EMPTY_BODY = YES;
				CLANG_WARN_ENUM_CONVERSION = YES;
				CLANG_WARN_INFINITE_RECURSION = YES;
				CLANG_WARN_INT_CONVERSION = YES;
				CLANG_WARN_NON_LITERAL_NULL_CONVERSION = YES;
				CLANG_WARN_OBJC_IMPLICIT_RETAIN_SELF = YES;
				CLANG_WARN_OBJC_LITERAL_CONVERSION = YES;
				CLANG_WARN_OBJC_ROOT_CLASS = YES_ERROR;
				CLANG_WARN_QUOTED_INCLUDE_IN_FRAMEWORK_HEADER = YES;
				CLANG_WARN_RANGE_LOOP_ANALYSIS = YES;
				CLANG_WARN_STRICT_PROTOTYPES = YES;
				CLANG_WARN_SUSPICIOUS_MOVE = YES;
				CLANG_WARN_UNGUARDED_AVAILABILITY = YES_AGGRESSIVE;
				CLANG_WARN_UNREACHABLE_CODE = YES;
				CLANG_WARN__DUPLICATE_METHOD_MATCH = YES;
				COPY_PHASE_STRIP = NO;
				DEBUG_INFORMATION_FORMAT = dwarf;
				ENABLE_STRICT_OBJC_MSGSEND = YES;
				ENABLE_TESTABILITY = YES;
				GCC_C_LANGUAGE_STANDARD = gnu11;
				GCC_DYNAMIC_NO_PIC = NO;
				GCC_NO_COMMON_BLOCKS = YES;
				GCC_OPTIMIZATION_LEVEL = 0;
				GCC_PREPROCESSOR_DEFINITIONS = (
					"DEBUG=1",
					"$(inherited)",
				);
				GCC_WARN_64_TO_32_BIT_CONVERSION = YES;
				GCC_WARN_ABOUT_RETURN_TYPE = YES_ERROR;
				GCC_WARN_UNDECLARED_SELECTOR = YES;
				GCC_WARN_UNINITIALIZED_AUTOS = YES_AGGRESSIVE;
				GCC_WARN_UNUSED_FUNCTION = YES;
				GCC_WARN_UNUSED_VARIABLE = YES;
				IPHONEOS_DEPLOYMENT_TARGET = 16.2;
				MTL_ENABLE_DEBUG_INFO = INCLUDE_SOURCE;
				MTL_FAST_MATH = YES;
				ONLY_ACTIVE_ARCH = YES;
				SDKROOT = iphoneos;
				SWIFT_ACTIVE_COMPILATION_CONDITIONS = DEBUG;
				SWIFT_OPTIMIZATION_LEVEL = "-Onone";
			};
			name = Debug;
		};
		59987F642A1941C20081E473 /* Release */ = {
			isa = XCBuildConfiguration;
			buildSettings = {
				ALWAYS_SEARCH_USER_PATHS = NO;
				CLANG_ANALYZER_NONNULL = YES;
				CLANG_ANALYZER_NUMBER_OBJECT_CONVERSION = YES_AGGRESSIVE;
				CLANG_CXX_LANGUAGE_STANDARD = "gnu++20";
				CLANG_ENABLE_MODULES = YES;
				CLANG_ENABLE_OBJC_ARC = YES;
				CLANG_ENABLE_OBJC_WEAK = YES;
				CLANG_WARN_BLOCK_CAPTURE_AUTORELEASING = YES;
				CLANG_WARN_BOOL_CONVERSION = YES;
				CLANG_WARN_COMMA = YES;
				CLANG_WARN_CONSTANT_CONVERSION = YES;
				CLANG_WARN_DEPRECATED_OBJC_IMPLEMENTATIONS = YES;
				CLANG_WARN_DIRECT_OBJC_ISA_USAGE = YES_ERROR;
				CLANG_WARN_DOCUMENTATION_COMMENTS = YES;
				CLANG_WARN_EMPTY_BODY = YES;
				CLANG_WARN_ENUM_CONVERSION = YES;
				CLANG_WARN_INFINITE_RECURSION = YES;
				CLANG_WARN_INT_CONVERSION = YES;
				CLANG_WARN_NON_LITERAL_NULL_CONVERSION = YES;
				CLANG_WARN_OBJC_IMPLICIT_RETAIN_SELF = YES;
				CLANG_WARN_OBJC_LITERAL_CONVERSION = YES;
				CLANG_WARN_OBJC_ROOT_CLASS = YES_ERROR;
				CLANG_WARN_QUOTED_INCLUDE_IN_FRAMEWORK_HEADER = YES;
				CLANG_WARN_RANGE_LOOP_ANALYSIS = YES;
				CLANG_WARN_STRICT_PROTOTYPES = YES;
				CLANG_WARN_SUSPICIOUS_MOVE = YES;
				CLANG_WARN_UNGUARDED_AVAILABILITY = YES_AGGRESSIVE;
				CLANG_WARN_UNREACHABLE_CODE = YES;
				CLANG_WARN__DUPLICATE_METHOD_MATCH = YES;
				COPY_PHASE_STRIP = NO;
				DEBUG_INFORMATION_FORMAT = "dwarf-with-dsym";
				ENABLE_NS_ASSERTIONS = NO;
				ENABLE_STRICT_OBJC_MSGSEND = YES;
				GCC_C_LANGUAGE_STANDARD = gnu11;
				GCC_NO_COMMON_BLOCKS = YES;
				GCC_WARN_64_TO_32_BIT_CONVERSION = YES;
				GCC_WARN_ABOUT_RETURN_TYPE = YES_ERROR;
				GCC_WARN_UNDECLARED_SELECTOR = YES;
				GCC_WARN_UNINITIALIZED_AUTOS = YES_AGGRESSIVE;
				GCC_WARN_UNUSED_FUNCTION = YES;
				GCC_WARN_UNUSED_VARIABLE = YES;
				IPHONEOS_DEPLOYMENT_TARGET = 16.2;
				MTL_ENABLE_DEBUG_INFO = NO;
				MTL_FAST_MATH = YES;
				SDKROOT = iphoneos;
				SWIFT_COMPILATION_MODE = wholemodule;
				SWIFT_OPTIMIZATION_LEVEL = "-O";
				VALIDATE_PRODUCT = YES;
			};
			name = Release;
		};
		59987F662A1941C20081E473 /* Debug */ = {
			isa = XCBuildConfiguration;
			buildSettings = {
				ASSETCATALOG_COMPILER_APPICON_NAME = AppIcon;
				ASSETCATALOG_COMPILER_GLOBAL_ACCENT_COLOR_NAME = AccentColor;
				CODE_SIGN_STYLE = Automatic;
				CURRENT_PROJECT_VERSION = 1;
				DEVELOPMENT_TEAM = AQP8F45G75;
				GENERATE_INFOPLIST_FILE = YES;
				INFOPLIST_FILE = GeminiPlayer/Info.plist;
				INFOPLIST_KEY_UIApplicationSupportsIndirectInputEvents = YES;
				INFOPLIST_KEY_UILaunchStoryboardName = LaunchScreen;
				INFOPLIST_KEY_UIMainStoryboardFile = Main;
				INFOPLIST_KEY_UISupportedInterfaceOrientations_iPad = "UIInterfaceOrientationPortrait UIInterfaceOrientationPortraitUpsideDown UIInterfaceOrientationLandscapeLeft UIInterfaceOrientationLandscapeRight";
				INFOPLIST_KEY_UISupportedInterfaceOrientations_iPhone = "UIInterfaceOrientationPortrait UIInterfaceOrientationLandscapeLeft UIInterfaceOrientationLandscapeRight";
				LD_RUNPATH_SEARCH_PATHS = (
					"$(inherited)",
					"@executable_path/Frameworks",
				);
				LIBRARY_SEARCH_PATHS = (
					"$(inherited)",
					"$(PROJECT_DIR)/GeminiPlayer/ffmpeg-6.0/lib",
				);
				MARKETING_VERSION = 1.0;
				PRODUCT_BUNDLE_IDENTIFIER = com.GeminiPlayer.demo;
				PRODUCT_NAME = "$(TARGET_NAME)";
				SWIFT_EMIT_LOC_STRINGS = YES;
				SWIFT_VERSION = 5.0;
				TARGETED_DEVICE_FAMILY = "1,2";
			};
			name = Debug;
		};
		59987F672A1941C20081E473 /* Release */ = {
			isa = XCBuildConfiguration;
			buildSettings = {
				ASSETCATALOG_COMPILER_APPICON_NAME = AppIcon;
				ASSETCATALOG_COMPILER_GLOBAL_ACCENT_COLOR_NAME = AccentColor;
				CODE_SIGN_STYLE = Automatic;
				CURRENT_PROJECT_VERSION = 1;
				DEVELOPMENT_TEAM = AQP8F45G75;
				GENERATE_INFOPLIST_FILE = YES;
				INFOPLIST_FILE = GeminiPlayer/Info.plist;
				INFOPLIST_KEY_UIApplicationSupportsIndirectInputEvents = YES;
				INFOPLIST_KEY_UILaunchStoryboardName = LaunchScreen;
				INFOPLIST_KEY_UIMainStoryboardFile = Main;
				INFOPLIST_KEY_UISupportedInterfaceOrientations_iPad = "UIInterfaceOrientationPortrait UIInterfaceOrientationPortraitUpsideDown UIInterfaceOrientationLandscapeLeft UIInterfaceOrientationLandscapeRight";
				INFOPLIST_KEY_UISupportedInterfaceOrientations_iPhone = "UIInterfaceOrientationPortrait UIInterfaceOrientationLandscapeLeft UIInterfaceOrientationLandscapeRight";
				LD_RUNPATH_SEARCH_PATHS = (
					"$(inherited)",
					"@executable_path/Frameworks",
				);
				LIBRARY_SEARCH_PATHS = (
					"$(inherited)",
					"$(PROJECT_DIR)/GeminiPlayer/ffmpeg-6.0/lib",
				);
				MARKETING_VERSION = 1.0;
				PRODUCT_BUNDLE_IDENTIFIER = com.GeminiPlayer.demo;
				PRODUCT_NAME = "$(TARGET_NAME)";
				SWIFT_EMIT_LOC_STRINGS = YES;
				SWIFT_VERSION = 5.0;
				TARGETED_DEVICE_FAMILY = "1,2";
			};
			name = Release;
		};
/* End XCBuildConfiguration section */

/* Begin XCConfigurationList section */
		59987F4C2A1941C10081E473 /* Build configuration list for PBXProject "GeminiPlayer" */ = {
			isa = XCConfigurationList;
			buildConfigurations = (
				59987F632A1941C20081E473 /* Debug */,
				59987F642A1941C20081E473 /* Release */,
			);
			defaultConfigurationIsVisible = 0;
			defaultConfigurationName = Release;
		};
		59987F652A1941C20081E473 /* Build configuration list for PBXNativeTarget "GeminiPlayer" */ = {
			isa = XCConfigurationList;
			buildConfigurations = (
				59987F662A1941C20081E473 /* Debug */,
				59987F672A1941C20081E473 /* Release */,
			);
			defaultConfigurationIsVisible = 0;
			defaultConfigurationName = Release;
		};
/* End XCConfigurationList section */
	};
	rootObject = 59987F492A1941C10081E473 /* Project object */;
}
